// !$*UTF8*$!
{
	archiveVersion = 1;
	classes = {
	};
	objectVersion = 46;
	objects = {

/* Begin PBXBuildFile section */
		A62EB7761C26296C00ECF71C /* main.m in Sources */ = {isa = PBXBuildFile; fileRef = A62EB7741C26296C00ECF71C /* main.m */; };
		A62EB77E1C2629CA00ECF71C /* Assets.xcassets in Resources */ = {isa = PBXBuildFile; fileRef = A62EB7781C2629CA00ECF71C /* Assets.xcassets */; };
		A62EB77F1C2629CA00ECF71C /* AppDelegate.m in Sources */ = {isa = PBXBuildFile; fileRef = A62EB77B1C2629CA00ECF71C /* AppDelegate.m */; };
		A62EB7801C2629CA00ECF71C /* ViewController.m in Sources */ = {isa = PBXBuildFile; fileRef = A62EB77D1C2629CA00ECF71C /* ViewController.m */; };
		A62EB7811C2629D500ECF71C /* Assets.xcassets in Resources */ = {isa = PBXBuildFile; fileRef = A62EB7781C2629CA00ECF71C /* Assets.xcassets */; };
		A62EB7821C2629D500ECF71C /* Assets.xcassets in Resources */ = {isa = PBXBuildFile; fileRef = A62EB7781C2629CA00ECF71C /* Assets.xcassets */; };
		A62EB7831C2629DF00ECF71C /* AppDelegate.m in Sources */ = {isa = PBXBuildFile; fileRef = A62EB77B1C2629CA00ECF71C /* AppDelegate.m */; };
		A62EB7841C2629DF00ECF71C /* AppDelegate.m in Sources */ = {isa = PBXBuildFile; fileRef = A62EB77B1C2629CA00ECF71C /* AppDelegate.m */; };
		A62EB7851C2629E300ECF71C /* ViewController.m in Sources */ = {isa = PBXBuildFile; fileRef = A62EB77D1C2629CA00ECF71C /* ViewController.m */; };
		A62EB7861C2629E400ECF71C /* ViewController.m in Sources */ = {isa = PBXBuildFile; fileRef = A62EB77D1C2629CA00ECF71C /* ViewController.m */; };
		A69DB0891C26250C009FFE40 /* FunFactsTests.m in Sources */ = {isa = PBXBuildFile; fileRef = A69DB0881C26250C009FFE40 /* FunFactsTests.m */; };
		A69DB0941C26250C009FFE40 /* FunFactsUITests.m in Sources */ = {isa = PBXBuildFile; fileRef = A69DB0931C26250C009FFE40 /* FunFactsUITests.m */; };
		A6F879D41C262AD400C67D1C /* LaunchScreen.storyboard in Resources */ = {isa = PBXBuildFile; fileRef = A6F879D21C262AD400C67D1C /* LaunchScreen.storyboard */; };
		A6F879D51C262AD400C67D1C /* Main.storyboard in Resources */ = {isa = PBXBuildFile; fileRef = A6F879D31C262AD400C67D1C /* Main.storyboard */; };
		A6F879DE1C26311B00C67D1C /* FFColorWheel.m in Sources */ = {isa = PBXBuildFile; fileRef = A6F879DD1C26311B00C67D1C /* FFColorWheel.m */; };
		A6F879DF1C26311B00C67D1C /* FFColorWheel.m in Sources */ = {isa = PBXBuildFile; fileRef = A6F879DD1C26311B00C67D1C /* FFColorWheel.m */; };
		A6F879E01C26311B00C67D1C /* FFColorWheel.m in Sources */ = {isa = PBXBuildFile; fileRef = A6F879DD1C26311B00C67D1C /* FFColorWheel.m */; };
		A6F879E41C2632C000C67D1C /* FFFactBook.m in Sources */ = {isa = PBXBuildFile; fileRef = A6F879E31C2632C000C67D1C /* FFFactBook.m */; };
		A6F879E51C2632C000C67D1C /* FFFactBook.m in Sources */ = {isa = PBXBuildFile; fileRef = A6F879E31C2632C000C67D1C /* FFFactBook.m */; };
		A6F879E61C2632C000C67D1C /* FFFactBook.m in Sources */ = {isa = PBXBuildFile; fileRef = A6F879E31C2632C000C67D1C /* FFFactBook.m */; };
/* End PBXBuildFile section */

/* Begin PBXContainerItemProxy section */
		A69DB0851C26250C009FFE40 /* PBXContainerItemProxy */ = {
			isa = PBXContainerItemProxy;
			containerPortal = A69DB0631C26250C009FFE40 /* Project object */;
			proxyType = 1;
			remoteGlobalIDString = A69DB06A1C26250C009FFE40;
			remoteInfo = FunFacts;
		};
		A69DB0901C26250C009FFE40 /* PBXContainerItemProxy */ = {
			isa = PBXContainerItemProxy;
			containerPortal = A69DB0631C26250C009FFE40 /* Project object */;
			proxyType = 1;
			remoteGlobalIDString = A69DB06A1C26250C009FFE40;
			remoteInfo = FunFacts;
		};
/* End PBXContainerItemProxy section */

/* Begin PBXFileReference section */
		A62EB7731C26296C00ECF71C /* Info.plist */ = {isa = PBXFileReference; fileEncoding = 4; lastKnownFileType = text.plist.xml; path = Info.plist; sourceTree = "<group>"; };
		A62EB7741C26296C00ECF71C /* main.m */ = {isa = PBXFileReference; fileEncoding = 4; lastKnownFileType = sourcecode.c.objc; path = main.m; sourceTree = "<group>"; };
		A62EB7781C2629CA00ECF71C /* Assets.xcassets */ = {isa = PBXFileReference; lastKnownFileType = folder.assetcatalog; path = Assets.xcassets; sourceTree = "<group>"; };
		A62EB77A1C2629CA00ECF71C /* AppDelegate.h */ = {isa = PBXFileReference; fileEncoding = 4; lastKnownFileType = sourcecode.c.h; path = AppDelegate.h; sourceTree = "<group>"; };
		A62EB77B1C2629CA00ECF71C /* AppDelegate.m */ = {isa = PBXFileReference; fileEncoding = 4; lastKnownFileType = sourcecode.c.objc; path = AppDelegate.m; sourceTree = "<group>"; };
		A62EB77C1C2629CA00ECF71C /* ViewController.h */ = {isa = PBXFileReference; fileEncoding = 4; lastKnownFileType = sourcecode.c.h; path = ViewController.h; sourceTree = "<group>"; };
		A62EB77D1C2629CA00ECF71C /* ViewController.m */ = {isa = PBXFileReference; fileEncoding = 4; lastKnownFileType = sourcecode.c.objc; path = ViewController.m; sourceTree = "<group>"; };
		A69DB06B1C26250C009FFE40 /* FunFacts.app */ = {isa = PBXFileReference; explicitFileType = wrapper.application; includeInIndex = 0; path = FunFacts.app; sourceTree = BUILT_PRODUCTS_DIR; };
		A69DB0841C26250C009FFE40 /* FunFactsTests.xctest */ = {isa = PBXFileReference; explicitFileType = wrapper.cfbundle; includeInIndex = 0; path = FunFactsTests.xctest; sourceTree = BUILT_PRODUCTS_DIR; };
		A69DB0881C26250C009FFE40 /* FunFactsTests.m */ = {isa = PBXFileReference; lastKnownFileType = sourcecode.c.objc; path = FunFactsTests.m; sourceTree = "<group>"; };
		A69DB08A1C26250C009FFE40 /* Info.plist */ = {isa = PBXFileReference; lastKnownFileType = text.plist.xml; path = Info.plist; sourceTree = "<group>"; };
		A69DB08F1C26250C009FFE40 /* FunFactsUITests.xctest */ = {isa = PBXFileReference; explicitFileType = wrapper.cfbundle; includeInIndex = 0; path = FunFactsUITests.xctest; sourceTree = BUILT_PRODUCTS_DIR; };
		A69DB0931C26250C009FFE40 /* FunFactsUITests.m */ = {isa = PBXFileReference; lastKnownFileType = sourcecode.c.objc; path = FunFactsUITests.m; sourceTree = "<group>"; };
		A69DB0951C26250C009FFE40 /* Info.plist */ = {isa = PBXFileReference; lastKnownFileType = text.plist.xml; path = Info.plist; sourceTree = "<group>"; };
		A6F879D21C262AD400C67D1C /* LaunchScreen.storyboard */ = {isa = PBXFileReference; fileEncoding = 4; lastKnownFileType = file.storyboard; path = LaunchScreen.storyboard; sourceTree = "<group>"; };
		A6F879D31C262AD400C67D1C /* Main.storyboard */ = {isa = PBXFileReference; fileEncoding = 4; lastKnownFileType = file.storyboard; path = Main.storyboard; sourceTree = "<group>"; };
		A6F879DC1C26311B00C67D1C /* FFColorWheel.h */ = {isa = PBXFileReference; fileEncoding = 4; lastKnownFileType = sourcecode.c.h; path = FFColorWheel.h; sourceTree = "<group>"; };
		A6F879DD1C26311B00C67D1C /* FFColorWheel.m */ = {isa = PBXFileReference; fileEncoding = 4; lastKnownFileType = sourcecode.c.objc; path = FFColorWheel.m; sourceTree = "<group>"; };
		A6F879E21C2632C000C67D1C /* FFFactBook.h */ = {isa = PBXFileReference; fileEncoding = 4; lastKnownFileType = sourcecode.c.h; path = FFFactBook.h; sourceTree = "<group>"; };
		A6F879E31C2632C000C67D1C /* FFFactBook.m */ = {isa = PBXFileReference; fileEncoding = 4; lastKnownFileType = sourcecode.c.objc; path = FFFactBook.m; sourceTree = "<group>"; };
/* End PBXFileReference section */

/* Begin PBXFrameworksBuildPhase section */
		A69DB0681C26250C009FFE40 /* Frameworks */ = {
			isa = PBXFrameworksBuildPhase;
			buildActionMask = 2147483647;
			files = (
			);
			runOnlyForDeploymentPostprocessing = 0;
		};
		A69DB0811C26250C009FFE40 /* Frameworks */ = {
			isa = PBXFrameworksBuildPhase;
			buildActionMask = 2147483647;
			files = (
			);
			runOnlyForDeploymentPostprocessing = 0;
		};
		A69DB08C1C26250C009FFE40 /* Frameworks */ = {
			isa = PBXFrameworksBuildPhase;
			buildActionMask = 2147483647;
			files = (
			);
			runOnlyForDeploymentPostprocessing = 0;
		};
/* End PBXFrameworksBuildPhase section */

/* Begin PBXGroup section */
		A62EB7721C26296C00ECF71C /* FunFacts */ = {
			isa = PBXGroup;
			children = (
				A62EB7731C26296C00ECF71C /* Info.plist */,
				A62EB7741C26296C00ECF71C /* main.m */,
			);
			path = FunFacts;
			sourceTree = "<group>";
		};
		A62EB7771C2629CA00ECF71C /* Resources */ = {
			isa = PBXGroup;
			children = (
				A62EB7781C2629CA00ECF71C /* Assets.xcassets */,
			);
			path = Resources;
			sourceTree = "<group>";
		};
		A62EB7791C2629CA00ECF71C /* Sources */ = {
			isa = PBXGroup;
			children = (
				A6F879E11C26329000C67D1C /* FFFactBook */,
				A6F879DB1C2630E400C67D1C /* FFColorWheel */,
				A62EB77A1C2629CA00ECF71C /* AppDelegate.h */,
				A62EB77B1C2629CA00ECF71C /* AppDelegate.m */,
				A62EB77C1C2629CA00ECF71C /* ViewController.h */,
				A62EB77D1C2629CA00ECF71C /* ViewController.m */,
			);
			path = Sources;
			sourceTree = "<group>";
		};
		A69DB0621C26250C009FFE40 = {
			isa = PBXGroup;
			children = (
				A6F879D11C262AD400C67D1C /* StoryBoards */,
				A62EB7771C2629CA00ECF71C /* Resources */,
				A62EB7721C26296C00ECF71C /* FunFacts */,
				A62EB7791C2629CA00ECF71C /* Sources */,
				A69DB0921C26250C009FFE40 /* FunFactsUITests */,
				A69DB0871C26250C009FFE40 /* FunFactsTests */,
				A69DB06C1C26250C009FFE40 /* Products */,
			);
			sourceTree = "<group>";
		};
		A69DB06C1C26250C009FFE40 /* Products */ = {
			isa = PBXGroup;
			children = (
				A69DB06B1C26250C009FFE40 /* FunFacts.app */,
				A69DB0841C26250C009FFE40 /* FunFactsTests.xctest */,
				A69DB08F1C26250C009FFE40 /* FunFactsUITests.xctest */,
			);
			name = Products;
			sourceTree = "<group>";
		};
		A69DB0871C26250C009FFE40 /* FunFactsTests */ = {
			isa = PBXGroup;
			children = (
				A69DB0881C26250C009FFE40 /* FunFactsTests.m */,
				A69DB08A1C26250C009FFE40 /* Info.plist */,
			);
			path = FunFactsTests;
			sourceTree = "<group>";
		};
		A69DB0921C26250C009FFE40 /* FunFactsUITests */ = {
			isa = PBXGroup;
			children = (
				A69DB0931C26250C009FFE40 /* FunFactsUITests.m */,
				A69DB0951C26250C009FFE40 /* Info.plist */,
			);
			path = FunFactsUITests;
			sourceTree = "<group>";
		};
		A6F879D11C262AD400C67D1C /* StoryBoards */ = {
			isa = PBXGroup;
			children = (
				A6F879D21C262AD400C67D1C /* LaunchScreen.storyboard */,
				A6F879D31C262AD400C67D1C /* Main.storyboard */,
			);
			path = StoryBoards;
			sourceTree = "<group>";
		};
		A6F879DB1C2630E400C67D1C /* FFColorWheel */ = {
			isa = PBXGroup;
			children = (
				A6F879DC1C26311B00C67D1C /* FFColorWheel.h */,
				A6F879DD1C26311B00C67D1C /* FFColorWheel.m */,
			);
			path = FFColorWheel;
			sourceTree = "<group>";
		};
		A6F879E11C26329000C67D1C /* FFFactBook */ = {
			isa = PBXGroup;
			children = (
				A6F879E21C2632C000C67D1C /* FFFactBook.h */,
				A6F879E31C2632C000C67D1C /* FFFactBook.m */,
			);
			path = FFFactBook;
			sourceTree = "<group>";
		};
/* End PBXGroup section */

/* Begin PBXNativeTarget section */
		A69DB06A1C26250C009FFE40 /* FunFacts */ = {
			isa = PBXNativeTarget;
			buildConfigurationList = A69DB0981C26250C009FFE40 /* Build configuration list for PBXNativeTarget "FunFacts" */;
			buildPhases = (
				A69DB0671C26250C009FFE40 /* Sources */,
				A69DB0681C26250C009FFE40 /* Frameworks */,
				A69DB0691C26250C009FFE40 /* Resources */,
			);
			buildRules = (
			);
			dependencies = (
			);
			name = FunFacts;
			productName = FunFacts;
			productReference = A69DB06B1C26250C009FFE40 /* FunFacts.app */;
			productType = "com.apple.product-type.application";
		};
		A69DB0831C26250C009FFE40 /* FunFactsTests */ = {
			isa = PBXNativeTarget;
			buildConfigurationList = A69DB09B1C26250C009FFE40 /* Build configuration list for PBXNativeTarget "FunFactsTests" */;
			buildPhases = (
				A69DB0801C26250C009FFE40 /* Sources */,
				A69DB0811C26250C009FFE40 /* Frameworks */,
				A69DB0821C26250C009FFE40 /* Resources */,
			);
			buildRules = (
			);
			dependencies = (
				A69DB0861C26250C009FFE40 /* PBXTargetDependency */,
			);
			name = FunFactsTests;
			productName = FunFactsTests;
			productReference = A69DB0841C26250C009FFE40 /* FunFactsTests.xctest */;
			productType = "com.apple.product-type.bundle.unit-test";
		};
		A69DB08E1C26250C009FFE40 /* FunFactsUITests */ = {
			isa = PBXNativeTarget;
			buildConfigurationList = A69DB09E1C26250C009FFE40 /* Build configuration list for PBXNativeTarget "FunFactsUITests" */;
			buildPhases = (
				A69DB08B1C26250C009FFE40 /* Sources */,
				A69DB08C1C26250C009FFE40 /* Frameworks */,
				A69DB08D1C26250C009FFE40 /* Resources */,
			);
			buildRules = (
			);
			dependencies = (
				A69DB0911C26250C009FFE40 /* PBXTargetDependency */,
			);
			name = FunFactsUITests;
			productName = FunFactsUITests;
			productReference = A69DB08F1C26250C009FFE40 /* FunFactsUITests.xctest */;
			productType = "com.apple.product-type.bundle.ui-testing";
		};
/* End PBXNativeTarget section */

/* Begin PBXProject section */
		A69DB0631C26250C009FFE40 /* Project object */ = {
			isa = PBXProject;
			attributes = {
				CLASSPREFIX = FF;
				LastUpgradeCheck = 0720;
				ORGANIZATIONNAME = "ILYA Toka";
				TargetAttributes = {
					A69DB06A1C26250C009FFE40 = {
						CreatedOnToolsVersion = 7.2;
						DevelopmentTeam = AL83NT8N97;
					};
					A69DB0831C26250C009FFE40 = {
						CreatedOnToolsVersion = 7.2;
						DevelopmentTeam = AL83NT8N97;
						TestTargetID = A69DB06A1C26250C009FFE40;
					};
					A69DB08E1C26250C009FFE40 = {
						CreatedOnToolsVersion = 7.2;
						DevelopmentTeam = AL83NT8N97;
						TestTargetID = A69DB06A1C26250C009FFE40;
					};
				};
			};
			buildConfigurationList = A69DB0661C26250C009FFE40 /* Build configuration list for PBXProject "FunFacts" */;
			compatibilityVersion = "Xcode 3.2";
			developmentRegion = English;
			hasScannedForEncodings = 0;
			knownRegions = (
				en,
				Base,
			);
			mainGroup = A69DB0621C26250C009FFE40;
			productRefGroup = A69DB06C1C26250C009FFE40 /* Products */;
			projectDirPath = "";
			projectRoot = "";
			targets = (
				A69DB06A1C26250C009FFE40 /* FunFacts */,
				A69DB0831C26250C009FFE40 /* FunFactsTests */,
				A69DB08E1C26250C009FFE40 /* FunFactsUITests */,
			);
		};
/* End PBXProject section */

/* Begin PBXResourcesBuildPhase section */
		A69DB0691C26250C009FFE40 /* Resources */ = {
			isa = PBXResourcesBuildPhase;
			buildActionMask = 2147483647;
			files = (
				A6F879D41C262AD400C67D1C /* LaunchScreen.storyboard in Resources */,
				A62EB77E1C2629CA00ECF71C /* Assets.xcassets in Resources */,
				A6F879D51C262AD400C67D1C /* Main.storyboard in Resources */,
			);
			runOnlyForDeploymentPostprocessing = 0;
		};
		A69DB0821C26250C009FFE40 /* Resources */ = {
			isa = PBXResourcesBuildPhase;
			buildActionMask = 2147483647;
			files = (
				A62EB7811C2629D500ECF71C /* Assets.xcassets in Resources */,
			);
			runOnlyForDeploymentPostprocessing = 0;
		};
		A69DB08D1C26250C009FFE40 /* Resources */ = {
			isa = PBXResourcesBuildPhase;
			buildActionMask = 2147483647;
			files = (
				A62EB7821C2629D500ECF71C /* Assets.xcassets in Resources */,
			);
			runOnlyForDeploymentPostprocessing = 0;
		};
/* End PBXResourcesBuildPhase section */

/* Begin PBXSourcesBuildPhase section */
		A69DB0671C26250C009FFE40 /* Sources */ = {
			isa = PBXSourcesBuildPhase;
			buildActionMask = 2147483647;
			files = (
				A62EB7801C2629CA00ECF71C /* ViewController.m in Sources */,
				A6F879DE1C26311B00C67D1C /* FFColorWheel.m in Sources */,
				A6F879E41C2632C000C67D1C /* FFFactBook.m in Sources */,
				A62EB77F1C2629CA00ECF71C /* AppDelegate.m in Sources */,
				A62EB7761C26296C00ECF71C /* main.m in Sources */,
			);
			runOnlyForDeploymentPostprocessing = 0;
		};
		A69DB0801C26250C009FFE40 /* Sources */ = {
			isa = PBXSourcesBuildPhase;
			buildActionMask = 2147483647;
			files = (
				A62EB7851C2629E300ECF71C /* ViewController.m in Sources */,
				A6F879DF1C26311B00C67D1C /* FFColorWheel.m in Sources */,
				A6F879E51C2632C000C67D1C /* FFFactBook.m in Sources */,
				A62EB7831C2629DF00ECF71C /* AppDelegate.m in Sources */,
				A69DB0891C26250C009FFE40 /* FunFactsTests.m in Sources */,
			);
			runOnlyForDeploymentPostprocessing = 0;
		};
		A69DB08B1C26250C009FFE40 /* Sources */ = {
			isa = PBXSourcesBuildPhase;
			buildActionMask = 2147483647;
			files = (
				A62EB7861C2629E400ECF71C /* ViewController.m in Sources */,
				A6F879E01C26311B00C67D1C /* FFColorWheel.m in Sources */,
				A6F879E61C2632C000C67D1C /* FFFactBook.m in Sources */,
				A62EB7841C2629DF00ECF71C /* AppDelegate.m in Sources */,
				A69DB0941C26250C009FFE40 /* FunFactsUITests.m in Sources */,
			);
			runOnlyForDeploymentPostprocessing = 0;
		};
/* End PBXSourcesBuildPhase section */

/* Begin PBXTargetDependency section */
		A69DB0861C26250C009FFE40 /* PBXTargetDependency */ = {
			isa = PBXTargetDependency;
			target = A69DB06A1C26250C009FFE40 /* FunFacts */;
			targetProxy = A69DB0851C26250C009FFE40 /* PBXContainerItemProxy */;
		};
		A69DB0911C26250C009FFE40 /* PBXTargetDependency */ = {
			isa = PBXTargetDependency;
			target = A69DB06A1C26250C009FFE40 /* FunFacts */;
			targetProxy = A69DB0901C26250C009FFE40 /* PBXContainerItemProxy */;
		};
/* End PBXTargetDependency section */

/* Begin XCBuildConfiguration section */
		A69DB0961C26250C009FFE40 /* Debug */ = {
			isa = XCBuildConfiguration;
			buildSettings = {
				ALWAYS_SEARCH_USER_PATHS = NO;
				CLANG_CXX_LANGUAGE_STANDARD = "gnu++0x";
				CLANG_CXX_LIBRARY = "libc++";
				CLANG_ENABLE_MODULES = YES;
				CLANG_ENABLE_OBJC_ARC = YES;
				CLANG_WARN_BOOL_CONVERSION = YES;
				CLANG_WARN_CONSTANT_CONVERSION = YES;
				CLANG_WARN_DIRECT_OBJC_ISA_USAGE = YES_ERROR;
				CLANG_WARN_EMPTY_BODY = YES;
				CLANG_WARN_ENUM_CONVERSION = YES;
				CLANG_WARN_INT_CONVERSION = YES;
				CLANG_WARN_OBJC_ROOT_CLASS = YES_ERROR;
				CLANG_WARN_UNREACHABLE_CODE = YES;
				CLANG_WARN__DUPLICATE_METHOD_MATCH = YES;
				"CODE_SIGN_IDENTITY[sdk=iphoneos*]" = "iPhone Developer";
				COPY_PHASE_STRIP = NO;
				DEBUG_INFORMATION_FORMAT = dwarf;
				ENABLE_STRICT_OBJC_MSGSEND = YES;
				ENABLE_TESTABILITY = YES;
				GCC_C_LANGUAGE_STANDARD = gnu99;
				GCC_DYNAMIC_NO_PIC = NO;
				GCC_NO_COMMON_BLOCKS = YES;
				GCC_OPTIMIZATION_LEVEL = 0;
				GCC_PREPROCESSOR_DEFINITIONS = (
					"DEBUG=1",
					"$(inherited)",
				);
				GCC_WARN_64_TO_32_BIT_CONVERSION = YES;
				GCC_WARN_ABOUT_RETURN_TYPE = YES_ERROR;
				GCC_WARN_UNDECLARED_SELECTOR = YES;
				GCC_WARN_UNINITIALIZED_AUTOS = YES_AGGRESSIVE;
				GCC_WARN_UNUSED_FUNCTION = YES;
				GCC_WARN_UNUSED_VARIABLE = YES;
				IPHONEOS_DEPLOYMENT_TARGET = 9.2;
				MTL_ENABLE_DEBUG_INFO = YES;
				ONLY_ACTIVE_ARCH = YES;
				SDKROOT = iphoneos;
			};
			name = Debug;
		};
		A69DB0971C26250C009FFE40 /* Release */ = {
			isa = XCBuildConfiguration;
			buildSettings = {
				ALWAYS_SEARCH_USER_PATHS = NO;
				CLANG_CXX_LANGUAGE_STANDARD = "gnu++0x";
				CLANG_CXX_LIBRARY = "libc++";
				CLANG_ENABLE_MODULES = YES;
				CLANG_ENABLE_OBJC_ARC = YES;
				CLANG_WARN_BOOL_CONVERSION = YES;
				CLANG_WARN_CONSTANT_CONVERSION = YES;
				CLANG_WARN_DIRECT_OBJC_ISA_USAGE = YES_ERROR;
				CLANG_WARN_EMPTY_BODY = YES;
				CLANG_WARN_ENUM_CONVERSION = YES;
				CLANG_WARN_INT_CONVERSION = YES;
				CLANG_WARN_OBJC_ROOT_CLASS = YES_ERROR;
				CLANG_WARN_UNREACHABLE_CODE = YES;
				CLANG_WARN__DUPLICATE_METHOD_MATCH = YES;
				"CODE_SIGN_IDENTITY[sdk=iphoneos*]" = "iPhone Developer";
				COPY_PHASE_STRIP = NO;
				DEBUG_INFORMATION_FORMAT = "dwarf-with-dsym";
				ENABLE_NS_ASSERTIONS = NO;
				ENABLE_STRICT_OBJC_MSGSEND = YES;
				GCC_C_LANGUAGE_STANDARD = gnu99;
				GCC_NO_COMMON_BLOCKS = YES;
				GCC_WARN_64_TO_32_BIT_CONVERSION = YES;
				GCC_WARN_ABOUT_RETURN_TYPE = YES_ERROR;
				GCC_WARN_UNDECLARED_SELECTOR = YES;
				GCC_WARN_UNINITIALIZED_AUTOS = YES_AGGRESSIVE;
				GCC_WARN_UNUSED_FUNCTION = YES;
				GCC_WARN_UNUSED_VARIABLE = YES;
				IPHONEOS_DEPLOYMENT_TARGET = 9.2;
				MTL_ENABLE_DEBUG_INFO = NO;
				SDKROOT = iphoneos;
				VALIDATE_PRODUCT = YES;
			};
			name = Release;
		};
		A69DB0991C26250C009FFE40 /* Debug */ = {
			isa = XCBuildConfiguration;
			buildSettings = {
				ASSETCATALOG_COMPILER_APPICON_NAME = AppIcon;
				CODE_SIGN_IDENTITY = "iPhone Developer";
				"CODE_SIGN_IDENTITY[sdk=iphoneos*]" = "iPhone Developer";
				INFOPLIST_FILE = FunFacts/Info.plist;
				IPHONEOS_DEPLOYMENT_TARGET = 9.1;
				LD_RUNPATH_SEARCH_PATHS = "$(inherited) @executable_path/Frameworks";
				PRODUCT_BUNDLE_IDENTIFIER = com.ilyatoka.FunFacts;
				PRODUCT_NAME = "$(TARGET_NAME)";
				PROVISIONING_PROFILE = "";
			};
			name = Debug;
		};
		A69DB09A1C26250C009FFE40 /* Release */ = {
			isa = XCBuildConfiguration;
			buildSettings = {
				ASSETCATALOG_COMPILER_APPICON_NAME = AppIcon;
				CODE_SIGN_IDENTITY = "iPhone Developer";
				"CODE_SIGN_IDENTITY[sdk=iphoneos*]" = "iPhone Developer";
				INFOPLIST_FILE = FunFacts/Info.plist;
				IPHONEOS_DEPLOYMENT_TARGET = 9.1;
				LD_RUNPATH_SEARCH_PATHS = "$(inherited) @executable_path/Frameworks";
				PRODUCT_BUNDLE_IDENTIFIER = com.ilyatoka.FunFacts;
				PRODUCT_NAME = "$(TARGET_NAME)";
				PROVISIONING_PROFILE = "";
			};
			name = Release;
		};
		A69DB09C1C26250C009FFE40 /* Debug */ = {
			isa = XCBuildConfiguration;
			buildSettings = {
				BUNDLE_LOADER = "$(TEST_HOST)";
				INFOPLIST_FILE = FunFactsTests/Info.plist;
				IPHONEOS_DEPLOYMENT_TARGET = 9.1;
				LD_RUNPATH_SEARCH_PATHS = "$(inherited) @executable_path/Frameworks @loader_path/Frameworks";
				PRODUCT_BUNDLE_IDENTIFIER = com.ilyatoka.FunFactsTests;
				PRODUCT_NAME = "$(TARGET_NAME)";
				TEST_HOST = "$(BUILT_PRODUCTS_DIR)/FunFacts.app/FunFacts";
			};
			name = Debug;
		};
		A69DB09D1C26250C009FFE40 /* Release */ = {
			isa = XCBuildConfiguration;
			buildSettings = {
				BUNDLE_LOADER = "$(TEST_HOST)";
				INFOPLIST_FILE = FunFactsTests/Info.plist;
				IPHONEOS_DEPLOYMENT_TARGET = 9.1;
				LD_RUNPATH_SEARCH_PATHS = "$(inherited) @executable_path/Frameworks @loader_path/Frameworks";
				PRODUCT_BUNDLE_IDENTIFIER = com.ilyatoka.FunFactsTests;
				PRODUCT_NAME = "$(TARGET_NAME)";
				TEST_HOST = "$(BUILT_PRODUCTS_DIR)/FunFacts.app/FunFacts";
			};
			name = Release;
		};
		A69DB09F1C26250C009FFE40 /* Debug */ = {
			isa = XCBuildConfiguration;
			buildSettings = {
				INFOPLIST_FILE = FunFactsUITests/Info.plist;
				IPHONEOS_DEPLOYMENT_TARGET = 9.1;
				LD_RUNPATH_SEARCH_PATHS = "$(inherited) @executable_path/Frameworks @loader_path/Frameworks";
				PRODUCT_BUNDLE_IDENTIFIER = com.ilyatoka.FunFactsUITests;
				PRODUCT_NAME = "$(TARGET_NAME)";
				TEST_TARGET_NAME = FunFacts;
				USES_XCTRUNNER = YES;
			};
			name = Debug;
		};
		A69DB0A01C26250C009FFE40 /* Release */ = {
			isa = XCBuildConfiguration;
			buildSettings = {
				INFOPLIST_FILE = FunFactsUITests/Info.plist;
				IPHONEOS_DEPLOYMENT_TARGET = 9.1;
				LD_RUNPATH_SEARCH_PATHS = "$(inherited) @executable_path/Frameworks @loader_path/Frameworks";
				PRODUCT_BUNDLE_IDENTIFIER = com.ilyatoka.FunFactsUITests;
				PRODUCT_NAME = "$(TARGET_NAME)";
				TEST_TARGET_NAME = FunFacts;
				USES_XCTRUNNER = YES;
			};
			name = Release;
		};
/* End XCBuildConfiguration section */

/* Begin XCConfigurationList section */
		A69DB0661C26250C009FFE40 /* Build configuration list for PBXProject "FunFacts" */ = {
			isa = XCConfigurationList;
			buildConfigurations = (
				A69DB0961C26250C009FFE40 /* Debug */,
				A69DB0971C26250C009FFE40 /* Release */,
			);
			defaultConfigurationIsVisible = 0;
			defaultConfigurationName = Release;
		};
		A69DB0981C26250C009FFE40 /* Build configuration list for PBXNativeTarget "FunFacts" */ = {
			isa = XCConfigurationList;
			buildConfigurations = (
				A69DB0991C26250C009FFE40 /* Debug */,
				A69DB09A1C26250C009FFE40 /* Release */,
			);
			defaultConfigurationIsVisible = 0;
			defaultConfigurationName = Release;
		};
		A69DB09B1C26250C009FFE40 /* Build configuration list for PBXNativeTarget "FunFactsTests" */ = {
			isa = XCConfigurationList;
			buildConfigurations = (
				A69DB09C1C26250C009FFE40 /* Debug */,
				A69DB09D1C26250C009FFE40 /* Release */,
			);
			defaultConfigurationIsVisible = 0;
			defaultConfigurationName = Release;
		};
		A69DB09E1C26250C009FFE40 /* Build configuration list for PBXNativeTarget "FunFactsUITests" */ = {
			isa = XCConfigurationList;
			buildConfigurations = (
				A69DB09F1C26250C009FFE40 /* Debug */,
				A69DB0A01C26250C009FFE40 /* Release */,
			);
			defaultConfigurationIsVisible = 0;
			defaultConfigurationName = Release;
		};
/* End XCConfigurationList section */
	};
	rootObject = A69DB0631C26250C009FFE40 /* Project object */;
}
